
Microsoft Visual Studio Solution File, Format Version 12.00
# Visual Studio 15
VisualStudioVersion = 15.0.28307.271
MinimumVisualStudioVersion = 10.0.40219.1
Project("{FAE04EC0-301F-11D3-BF4B-00C04F79EFBC}") = "KyuriProject", "KyuriProject\KyuriProject.csproj", "{ADC6340E-977D-4459-A6B8-FAC2E0F2FE6E}"
EndProject
Global
	GlobalSection(SolutionConfigurationPlatforms) = preSolution
		Debug|Any CPU = Debug|Any CPU
		Release|Any CPU = Release|Any CPU
	EndGlobalSection
	GlobalSection(ProjectConfigurationPlatforms) = postSolution
		{ADC6340E-977D-4459-A6B8-FAC2E0F2FE6E}.Debug|Any CPU.ActiveCfg = Debug|Any CPU
		{ADC6340E-977D-4459-A6B8-FAC2E0F2FE6E}.Debug|Any CPU.Build.0 = Debug|Any CPU
		{ADC6340E-977D-4459-A6B8-FAC2E0F2FE6E}.Release|Any CPU.ActiveCfg = Release|Any CPU
		{ADC6340E-977D-4459-A6B8-FAC2E0F2FE6E}.Release|Any CPU.Build.0 = Release|Any CPU
	EndGlobalSection
	GlobalSection(SolutionProperties) = preSolution
		HideSolutionNode = FALSE
	EndGlobalSection
	GlobalSection(ExtensibilityGlobals) = postSolution
		SolutionGuid = {0AA41F16-7303-40FC-8598-ACC6C7B9C01E}
	EndGlobalSection
EndGlobal
